
Microsoft Visual Studio Solution File, Format Version 12.00
# Visual Studio Version 17
VisualStudioVersion = 17.5.33516.290
MinimumVisualStudioVersion = 10.0.40219.1
Project("{FAE04EC0-301F-11D3-BF4B-00C04F79EFBC}") = "MVC", "MVC\MVC.csproj", "{F0476582-CA51-4C8E-84D0-892B51D19182}"
EndProject
Project("{FAE04EC0-301F-11D3-BF4B-00C04F79EFBC}") = "Data", "Data\Data.csproj", "{FE45DE9D-67C0-4A79-9438-625EDC8E95CF}"
EndProject
Project("{FAE04EC0-301F-11D3-BF4B-00C04F79EFBC}") = "BusinessController", "BusinessController\BusinessController.csproj", "{19299B13-587C-4B36-B46A-FCA3C028CDE4}"
EndProject
Global
	GlobalSection(SolutionConfigurationPlatforms) = preSolution
		Debug|Any CPU = Debug|Any CPU
		Release|Any CPU = Release|Any CPU
	EndGlobalSection
	GlobalSection(ProjectConfigurationPlatforms) = postSolution
		{F0476582-CA51-4C8E-84D0-892B51D19182}.Debug|Any CPU.ActiveCfg = Debug|Any CPU
		{F0476582-CA51-4C8E-84D0-892B51D19182}.Debug|Any CPU.Build.0 = Debug|Any CPU
		{F0476582-CA51-4C8E-84D0-892B51D19182}.Release|Any CPU.ActiveCfg = Release|Any CPU
		{F0476582-CA51-4C8E-84D0-892B51D19182}.Release|Any CPU.Build.0 = Release|Any CPU
		{FE45DE9D-67C0-4A79-9438-625EDC8E95CF}.Debug|Any CPU.ActiveCfg = Debug|Any CPU
		{FE45DE9D-67C0-4A79-9438-625EDC8E95CF}.Debug|Any CPU.Build.0 = Debug|Any CPU
		{FE45DE9D-67C0-4A79-9438-625EDC8E95CF}.Release|Any CPU.ActiveCfg = Release|Any CPU
		{FE45DE9D-67C0-4A79-9438-625EDC8E95CF}.Release|Any CPU.Build.0 = Release|Any CPU
		{19299B13-587C-4B36-B46A-FCA3C028CDE4}.Debug|Any CPU.ActiveCfg = Debug|Any CPU
		{19299B13-587C-4B36-B46A-FCA3C028CDE4}.Debug|Any CPU.Build.0 = Debug|Any CPU
		{19299B13-587C-4B36-B46A-FCA3C028CDE4}.Release|Any CPU.ActiveCfg = Release|Any CPU
		{19299B13-587C-4B36-B46A-FCA3C028CDE4}.Release|Any CPU.Build.0 = Release|Any CPU
	EndGlobalSection
	GlobalSection(SolutionProperties) = preSolution
		HideSolutionNode = FALSE
	EndGlobalSection
	GlobalSection(ExtensibilityGlobals) = postSolution
		SolutionGuid = {105CA966-2FA5-46CF-87D8-AB32D6B2CE0C}
	EndGlobalSection
EndGlobal
